// !$*UTF8*$!
{
	archiveVersion = 1;
	classes = {
	};
	objectVersion = 50;
	objects = {

/* Begin PBXBuildFile section */
		8E2C7909231BA7BC00720288 /* PokedexCell.swift in Sources */ = {isa = PBXBuildFile; fileRef = 8E2C7908231BA7BC00720288 /* PokedexCell.swift */; };
		8E2C790D231BABBB00720288 /* Layout+Extensions .swift in Sources */ = {isa = PBXBuildFile; fileRef = 8E2C790C231BABBB00720288 /* Layout+Extensions .swift */; };
		8E2C7911231BB34500720288 /* Pokemon.swift in Sources */ = {isa = PBXBuildFile; fileRef = 8E2C7910231BB34500720288 /* Pokemon.swift */; };
		8E2C7914231BB89C00720288 /* PokedexData.swift in Sources */ = {isa = PBXBuildFile; fileRef = 8E2C7913231BB89C00720288 /* PokedexData.swift */; };
		8E2C7916231BC02E00720288 /* BattleVC.swift in Sources */ = {isa = PBXBuildFile; fileRef = 8E2C7915231BC02E00720288 /* BattleVC.swift */; };
		8E2C791C231BC4F000720288 /* BattleScene.swift in Sources */ = {isa = PBXBuildFile; fileRef = 8E2C791B231BC4F000720288 /* BattleScene.swift */; };
		8E31FBF2231C996100E80F52 /* AttackCell.swift in Sources */ = {isa = PBXBuildFile; fileRef = 8E31FBF1231C996100E80F52 /* AttackCell.swift */; };
		8E31FBF4231CA1A200E80F52 /* TaskConstructor.swift in Sources */ = {isa = PBXBuildFile; fileRef = 8E31FBF3231CA1A200E80F52 /* TaskConstructor.swift */; };
		8E31FBF6231CFAFD00E80F52 /* TaskData.swift in Sources */ = {isa = PBXBuildFile; fileRef = 8E31FBF5231CFAFD00E80F52 /* TaskData.swift */; };
		8E31FBF8231D057300E80F52 /* HealthBar.swift in Sources */ = {isa = PBXBuildFile; fileRef = 8E31FBF7231D057300E80F52 /* HealthBar.swift */; };
		8E31FBFA231D06AA00E80F52 /* SKSpriteNode_Extension.swift in Sources */ = {isa = PBXBuildFile; fileRef = 8E31FBF9231D06AA00E80F52 /* SKSpriteNode_Extension.swift */; };
		8E31FBFE231D2B4500E80F52 /* MapsVC.swift in Sources */ = {isa = PBXBuildFile; fileRef = 8E31FBFD231D2B4500E80F52 /* MapsVC.swift */; };
		8E31FC00231D308400E80F52 /* MapCell.swift in Sources */ = {isa = PBXBuildFile; fileRef = 8E31FBFF231D308400E80F52 /* MapCell.swift */; };
		8E57F9F7231F1F70000245AB /* BattleDelegate.swift in Sources */ = {isa = PBXBuildFile; fileRef = 8E57F9F6231F1F70000245AB /* BattleDelegate.swift */; };
		8E57F9FA231FB188000245AB /* Pokedex.json in Resources */ = {isa = PBXBuildFile; fileRef = 8E57F9F9231FB188000245AB /* Pokedex.json */; };
		8E98B6FE231B9DAF0061B13A /* AppDelegate.swift in Sources */ = {isa = PBXBuildFile; fileRef = 8E98B6FD231B9DAF0061B13A /* AppDelegate.swift */; };
		8E98B700231B9DAF0061B13A /* PokedexVC.swift in Sources */ = {isa = PBXBuildFile; fileRef = 8E98B6FF231B9DAF0061B13A /* PokedexVC.swift */; };
		8E98B706231B9DAF0061B13A /* Productivity_Pokedex.xcdatamodeld in Sources */ = {isa = PBXBuildFile; fileRef = 8E98B704231B9DAF0061B13A /* Productivity_Pokedex.xcdatamodeld */; };
		8E98B708231B9DB20061B13A /* Assets.xcassets in Resources */ = {isa = PBXBuildFile; fileRef = 8E98B707231B9DB20061B13A /* Assets.xcassets */; };
/* End PBXBuildFile section */

/* Begin PBXFileReference section */
		8E2C7908231BA7BC00720288 /* PokedexCell.swift */ = {isa = PBXFileReference; lastKnownFileType = sourcecode.swift; path = PokedexCell.swift; sourceTree = "<group>"; };
		8E2C790C231BABBB00720288 /* Layout+Extensions .swift */ = {isa = PBXFileReference; fileEncoding = 4; lastKnownFileType = sourcecode.swift; path = "Layout+Extensions .swift"; sourceTree = "<group>"; };
		8E2C7910231BB34500720288 /* Pokemon.swift */ = {isa = PBXFileReference; lastKnownFileType = sourcecode.swift; path = Pokemon.swift; sourceTree = "<group>"; };
		8E2C7913231BB89C00720288 /* PokedexData.swift */ = {isa = PBXFileReference; lastKnownFileType = sourcecode.swift; path = PokedexData.swift; sourceTree = "<group>"; };
		8E2C7915231BC02E00720288 /* BattleVC.swift */ = {isa = PBXFileReference; lastKnownFileType = sourcecode.swift; path = BattleVC.swift; sourceTree = "<group>"; };
		8E2C791B231BC4F000720288 /* BattleScene.swift */ = {isa = PBXFileReference; lastKnownFileType = sourcecode.swift; path = BattleScene.swift; sourceTree = "<group>"; };
		8E31FBF1231C996100E80F52 /* AttackCell.swift */ = {isa = PBXFileReference; lastKnownFileType = sourcecode.swift; path = AttackCell.swift; sourceTree = "<group>"; };
		8E31FBF3231CA1A200E80F52 /* TaskConstructor.swift */ = {isa = PBXFileReference; lastKnownFileType = sourcecode.swift; path = TaskConstructor.swift; sourceTree = "<group>"; };
		8E31FBF5231CFAFD00E80F52 /* TaskData.swift */ = {isa = PBXFileReference; lastKnownFileType = sourcecode.swift; path = TaskData.swift; sourceTree = "<group>"; };
		8E31FBF7231D057300E80F52 /* HealthBar.swift */ = {isa = PBXFileReference; lastKnownFileType = sourcecode.swift; path = HealthBar.swift; sourceTree = "<group>"; };
		8E31FBF9231D06AA00E80F52 /* SKSpriteNode_Extension.swift */ = {isa = PBXFileReference; lastKnownFileType = sourcecode.swift; path = SKSpriteNode_Extension.swift; sourceTree = "<group>"; };
		8E31FBFD231D2B4500E80F52 /* MapsVC.swift */ = {isa = PBXFileReference; lastKnownFileType = sourcecode.swift; path = MapsVC.swift; sourceTree = "<group>"; };
		8E31FBFF231D308400E80F52 /* MapCell.swift */ = {isa = PBXFileReference; lastKnownFileType = sourcecode.swift; path = MapCell.swift; sourceTree = "<group>"; };
		8E57F9F6231F1F70000245AB /* BattleDelegate.swift */ = {isa = PBXFileReference; lastKnownFileType = sourcecode.swift; path = BattleDelegate.swift; sourceTree = "<group>"; };
		8E57F9F9231FB188000245AB /* Pokedex.json */ = {isa = PBXFileReference; fileEncoding = 4; lastKnownFileType = text.json; path = Pokedex.json; sourceTree = "<group>"; };
		8E98B6FA231B9DAF0061B13A /* Productivity Pokedex.app */ = {isa = PBXFileReference; explicitFileType = wrapper.application; includeInIndex = 0; path = "Productivity Pokedex.app"; sourceTree = BUILT_PRODUCTS_DIR; };
		8E98B6FD231B9DAF0061B13A /* AppDelegate.swift */ = {isa = PBXFileReference; lastKnownFileType = sourcecode.swift; path = AppDelegate.swift; sourceTree = "<group>"; };
		8E98B6FF231B9DAF0061B13A /* PokedexVC.swift */ = {isa = PBXFileReference; lastKnownFileType = sourcecode.swift; path = PokedexVC.swift; sourceTree = "<group>"; };
		8E98B705231B9DAF0061B13A /* Productivity_Pokedex.xcdatamodel */ = {isa = PBXFileReference; lastKnownFileType = wrapper.xcdatamodel; path = Productivity_Pokedex.xcdatamodel; sourceTree = "<group>"; };
		8E98B707231B9DB20061B13A /* Assets.xcassets */ = {isa = PBXFileReference; lastKnownFileType = folder.assetcatalog; path = Assets.xcassets; sourceTree = "<group>"; };
		8E98B70C231B9DB30061B13A /* Info.plist */ = {isa = PBXFileReference; lastKnownFileType = text.plist.xml; path = Info.plist; sourceTree = "<group>"; };
/* End PBXFileReference section */

/* Begin PBXFrameworksBuildPhase section */
		8E98B6F7231B9DAE0061B13A /* Frameworks */ = {
			isa = PBXFrameworksBuildPhase;
			buildActionMask = 2147483647;
			files = (
			);
			runOnlyForDeploymentPostprocessing = 0;
		};
/* End PBXFrameworksBuildPhase section */

/* Begin PBXGroup section */
		8E2C790E231BB2DF00720288 /* Views */ = {
			isa = PBXGroup;
			children = (
				8E2C7908231BA7BC00720288 /* PokedexCell.swift */,
				8E2C791B231BC4F000720288 /* BattleScene.swift */,
				8E31FBF1231C996100E80F52 /* AttackCell.swift */,
				8E31FBFF231D308400E80F52 /* MapCell.swift */,
				8E31FBF7231D057300E80F52 /* HealthBar.swift */,
			);
			path = Views;
			sourceTree = "<group>";
		};
		8E2C790F231BB2F700720288 /* Controllers */ = {
			isa = PBXGroup;
			children = (
				8E98B6FF231B9DAF0061B13A /* PokedexVC.swift */,
				8E31FBFD231D2B4500E80F52 /* MapsVC.swift */,
				8E2C7915231BC02E00720288 /* BattleVC.swift */,
			);
			path = Controllers;
			sourceTree = "<group>";
		};
		8E2C7912231BB35200720288 /* Models */ = {
			isa = PBXGroup;
			children = (
				8E2C7910231BB34500720288 /* Pokemon.swift */,
			);
			path = Models;
			sourceTree = "<group>";
		};
		8E31FC01231DC47A00E80F52 /* Helpers */ = {
			isa = PBXGroup;
			children = (
				8E31FBF9231D06AA00E80F52 /* SKSpriteNode_Extension.swift */,
				8E2C790C231BABBB00720288 /* Layout+Extensions .swift */,
			);
			path = Helpers;
			sourceTree = "<group>";
		};
		8E31FC02231DC49F00E80F52 /* Data Services */ = {
			isa = PBXGroup;
			children = (
				8E2C7913231BB89C00720288 /* PokedexData.swift */,
				8E57F9F9231FB188000245AB /* Pokedex.json */,
				8E31FBF5231CFAFD00E80F52 /* TaskData.swift */,
			);
			path = "Data Services";
			sourceTree = "<group>";
		};
		8E31FC03231DC4B500E80F52 /* Constructors */ = {
			isa = PBXGroup;
			children = (
				8E31FBF3231CA1A200E80F52 /* TaskConstructor.swift */,
			);
			path = Constructors;
			sourceTree = "<group>";
		};
		8E57F9F8231F1F83000245AB /* Protocols */ = {
			isa = PBXGroup;
			children = (
				8E57F9F6231F1F70000245AB /* BattleDelegate.swift */,
			);
			path = Protocols;
			sourceTree = "<group>";
		};
		8E98B6F1231B9DAE0061B13A = {
			isa = PBXGroup;
			children = (
				8E98B6FC231B9DAF0061B13A /* Productivity Pokedex */,
				8E98B6FB231B9DAF0061B13A /* Products */,
			);
			sourceTree = "<group>";
		};
		8E98B6FB231B9DAF0061B13A /* Products */ = {
			isa = PBXGroup;
			children = (
				8E98B6FA231B9DAF0061B13A /* Productivity Pokedex.app */,
			);
			name = Products;
			sourceTree = "<group>";
		};
		8E98B6FC231B9DAF0061B13A /* Productivity Pokedex */ = {
			isa = PBXGroup;
			children = (
				8E98B6FD231B9DAF0061B13A /* AppDelegate.swift */,
				8E2C7912231BB35200720288 /* Models */,
				8E2C790E231BB2DF00720288 /* Views */,
				8E2C790F231BB2F700720288 /* Controllers */,
				8E57F9F8231F1F83000245AB /* Protocols */,
				8E31FC02231DC49F00E80F52 /* Data Services */,
				8E31FC03231DC4B500E80F52 /* Constructors */,
				8E31FC01231DC47A00E80F52 /* Helpers */,
				8E98B707231B9DB20061B13A /* Assets.xcassets */,
				8E98B70C231B9DB30061B13A /* Info.plist */,
				8E98B704231B9DAF0061B13A /* Productivity_Pokedex.xcdatamodeld */,
			);
			path = "Productivity Pokedex";
			sourceTree = "<group>";
		};
/* End PBXGroup section */

/* Begin PBXNativeTarget section */
		8E98B6F9231B9DAE0061B13A /* Productivity Pokedex */ = {
			isa = PBXNativeTarget;
			buildConfigurationList = 8E98B70F231B9DB30061B13A /* Build configuration list for PBXNativeTarget "Productivity Pokedex" */;
			buildPhases = (
				8E98B6F6231B9DAE0061B13A /* Sources */,
				8E98B6F7231B9DAE0061B13A /* Frameworks */,
				8E98B6F8231B9DAE0061B13A /* Resources */,
			);
			buildRules = (
			);
			dependencies = (
			);
			name = "Productivity Pokedex";
			productName = "Productivity Pokedex";
			productReference = 8E98B6FA231B9DAF0061B13A /* Productivity Pokedex.app */;
			productType = "com.apple.product-type.application";
		};
/* End PBXNativeTarget section */

/* Begin PBXProject section */
		8E98B6F2231B9DAE0061B13A /* Project object */ = {
			isa = PBXProject;
			attributes = {
				LastSwiftUpdateCheck = 1030;
				LastUpgradeCheck = 1030;
				ORGANIZATIONNAME = "Hoang Luong";
				TargetAttributes = {
					8E98B6F9231B9DAE0061B13A = {
						CreatedOnToolsVersion = 10.3;
					};
				};
			};
			buildConfigurationList = 8E98B6F5231B9DAE0061B13A /* Build configuration list for PBXProject "Productivity Pokedex" */;
			compatibilityVersion = "Xcode 9.3";
			developmentRegion = en;
			hasScannedForEncodings = 0;
			knownRegions = (
				en,
				Base,
			);
			mainGroup = 8E98B6F1231B9DAE0061B13A;
			productRefGroup = 8E98B6FB231B9DAF0061B13A /* Products */;
			projectDirPath = "";
			projectRoot = "";
			targets = (
				8E98B6F9231B9DAE0061B13A /* Productivity Pokedex */,
			);
		};
/* End PBXProject section */

/* Begin PBXResourcesBuildPhase section */
		8E98B6F8231B9DAE0061B13A /* Resources */ = {
			isa = PBXResourcesBuildPhase;
			buildActionMask = 2147483647;
			files = (
				8E98B708231B9DB20061B13A /* Assets.xcassets in Resources */,
				8E57F9FA231FB188000245AB /* Pokedex.json in Resources */,
			);
			runOnlyForDeploymentPostprocessing = 0;
		};
/* End PBXResourcesBuildPhase section */

/* Begin PBXSourcesBuildPhase section */
		8E98B6F6231B9DAE0061B13A /* Sources */ = {
			isa = PBXSourcesBuildPhase;
			buildActionMask = 2147483647;
			files = (
				8E31FBFA231D06AA00E80F52 /* SKSpriteNode_Extension.swift in Sources */,
				8E2C790D231BABBB00720288 /* Layout+Extensions .swift in Sources */,
				8E31FBF4231CA1A200E80F52 /* TaskConstructor.swift in Sources */,
				8E31FBF6231CFAFD00E80F52 /* TaskData.swift in Sources */,
				8E98B700231B9DAF0061B13A /* PokedexVC.swift in Sources */,
				8E31FBFE231D2B4500E80F52 /* MapsVC.swift in Sources */,
				8E31FC00231D308400E80F52 /* MapCell.swift in Sources */,
				8E31FBF8231D057300E80F52 /* HealthBar.swift in Sources */,
				8E98B706231B9DAF0061B13A /* Productivity_Pokedex.xcdatamodeld in Sources */,
				8E98B6FE231B9DAF0061B13A /* AppDelegate.swift in Sources */,
				8E2C7914231BB89C00720288 /* PokedexData.swift in Sources */,
				8E2C7909231BA7BC00720288 /* PokedexCell.swift in Sources */,
				8E2C791C231BC4F000720288 /* BattleScene.swift in Sources */,
				8E2C7916231BC02E00720288 /* BattleVC.swift in Sources */,
				8E2C7911231BB34500720288 /* Pokemon.swift in Sources */,
				8E31FBF2231C996100E80F52 /* AttackCell.swift in Sources */,
				8E57F9F7231F1F70000245AB /* BattleDelegate.swift in Sources */,
			);
			runOnlyForDeploymentPostprocessing = 0;
		};
/* End PBXSourcesBuildPhase section */

/* Begin XCBuildConfiguration section */
		8E98B70D231B9DB30061B13A /* Debug */ = {
			isa = XCBuildConfiguration;
			buildSettings = {
				ALWAYS_SEARCH_USER_PATHS = NO;
				CLANG_ANALYZER_NONNULL = YES;
				CLANG_ANALYZER_NUMBER_OBJECT_CONVERSION = YES_AGGRESSIVE;
				CLANG_CXX_LANGUAGE_STANDARD = "gnu++14";
				CLANG_CXX_LIBRARY = "libc++";
				CLANG_ENABLE_MODULES = YES;
				CLANG_ENABLE_OBJC_ARC = YES;
				CLANG_ENABLE_OBJC_WEAK = YES;
				CLANG_WARN_BLOCK_CAPTURE_AUTORELEASING = YES;
				CLANG_WARN_BOOL_CONVERSION = YES;
				CLANG_WARN_COMMA = YES;
				CLANG_WARN_CONSTANT_CONVERSION = YES;
				CLANG_WARN_DEPRECATED_OBJC_IMPLEMENTATIONS = YES;
				CLANG_WARN_DIRECT_OBJC_ISA_USAGE = YES_ERROR;
				CLANG_WARN_DOCUMENTATION_COMMENTS = YES;
				CLANG_WARN_EMPTY_BODY = YES;
				CLANG_WARN_ENUM_CONVERSION = YES;
				CLANG_WARN_INFINITE_RECURSION = YES;
				CLANG_WARN_INT_CONVERSION = YES;
				CLANG_WARN_NON_LITERAL_NULL_CONVERSION = YES;
				CLANG_WARN_OBJC_IMPLICIT_RETAIN_SELF = YES;
				CLANG_WARN_OBJC_LITERAL_CONVERSION = YES;
				CLANG_WARN_OBJC_ROOT_CLASS = YES_ERROR;
				CLANG_WARN_RANGE_LOOP_ANALYSIS = YES;
				CLANG_WARN_STRICT_PROTOTYPES = YES;
				CLANG_WARN_SUSPICIOUS_MOVE = YES;
				CLANG_WARN_UNGUARDED_AVAILABILITY = YES_AGGRESSIVE;
				CLANG_WARN_UNREACHABLE_CODE = YES;
				CLANG_WARN__DUPLICATE_METHOD_MATCH = YES;
				CODE_SIGN_IDENTITY = "iPhone Developer";
				COPY_PHASE_STRIP = NO;
				DEBUG_INFORMATION_FORMAT = dwarf;
				ENABLE_STRICT_OBJC_MSGSEND = YES;
				ENABLE_TESTABILITY = YES;
				GCC_C_LANGUAGE_STANDARD = gnu11;
				GCC_DYNAMIC_NO_PIC = NO;
				GCC_NO_COMMON_BLOCKS = YES;
				GCC_OPTIMIZATION_LEVEL = 0;
				GCC_PREPROCESSOR_DEFINITIONS = (
					"DEBUG=1",
					"$(inherited)",
				);
				GCC_WARN_64_TO_32_BIT_CONVERSION = YES;
				GCC_WARN_ABOUT_RETURN_TYPE = YES_ERROR;
				GCC_WARN_UNDECLARED_SELECTOR = YES;
				GCC_WARN_UNINITIALIZED_AUTOS = YES_AGGRESSIVE;
				GCC_WARN_UNUSED_FUNCTION = YES;
				GCC_WARN_UNUSED_VARIABLE = YES;
				IPHONEOS_DEPLOYMENT_TARGET = 12.4;
				MTL_ENABLE_DEBUG_INFO = INCLUDE_SOURCE;
				MTL_FAST_MATH = YES;
				ONLY_ACTIVE_ARCH = YES;
				SDKROOT = iphoneos;
				SWIFT_ACTIVE_COMPILATION_CONDITIONS = DEBUG;
				SWIFT_OPTIMIZATION_LEVEL = "-Onone";
			};
			name = Debug;
		};
		8E98B70E231B9DB30061B13A /* Release */ = {
			isa = XCBuildConfiguration;
			buildSettings = {
				ALWAYS_SEARCH_USER_PATHS = NO;
				CLANG_ANALYZER_NONNULL = YES;
				CLANG_ANALYZER_NUMBER_OBJECT_CONVERSION = YES_AGGRESSIVE;
				CLANG_CXX_LANGUAGE_STANDARD = "gnu++14";
				CLANG_CXX_LIBRARY = "libc++";
				CLANG_ENABLE_MODULES = YES;
				CLANG_ENABLE_OBJC_ARC = YES;
				CLANG_ENABLE_OBJC_WEAK = YES;
				CLANG_WARN_BLOCK_CAPTURE_AUTORELEASING = YES;
				CLANG_WARN_BOOL_CONVERSION = YES;
				CLANG_WARN_COMMA = YES;
				CLANG_WARN_CONSTANT_CONVERSION = YES;
				CLANG_WARN_DEPRECATED_OBJC_IMPLEMENTATIONS = YES;
				CLANG_WARN_DIRECT_OBJC_ISA_USAGE = YES_ERROR;
				CLANG_WARN_DOCUMENTATION_COMMENTS = YES;
				CLANG_WARN_EMPTY_BODY = YES;
				CLANG_WARN_ENUM_CONVERSION = YES;
				CLANG_WARN_INFINITE_RECURSION = YES;
				CLANG_WARN_INT_CONVERSION = YES;
				CLANG_WARN_NON_LITERAL_NULL_CONVERSION = YES;
				CLANG_WARN_OBJC_IMPLICIT_RETAIN_SELF = YES;
				CLANG_WARN_OBJC_LITERAL_CONVERSION = YES;
				CLANG_WARN_OBJC_ROOT_CLASS = YES_ERROR;
				CLANG_WARN_RANGE_LOOP_ANALYSIS = YES;
				CLANG_WARN_STRICT_PROTOTYPES = YES;
				CLANG_WARN_SUSPICIOUS_MOVE = YES;
				CLANG_WARN_UNGUARDED_AVAILABILITY = YES_AGGRESSIVE;
				CLANG_WARN_UNREACHABLE_CODE = YES;
				CLANG_WARN__DUPLICATE_METHOD_MATCH = YES;
				CODE_SIGN_IDENTITY = "iPhone Developer";
				COPY_PHASE_STRIP = NO;
				DEBUG_INFORMATION_FORMAT = "dwarf-with-dsym";
				ENABLE_NS_ASSERTIONS = NO;
				ENABLE_STRICT_OBJC_MSGSEND = YES;
				GCC_C_LANGUAGE_STANDARD = gnu11;
				GCC_NO_COMMON_BLOCKS = YES;
				GCC_WARN_64_TO_32_BIT_CONVERSION = YES;
				GCC_WARN_ABOUT_RETURN_TYPE = YES_ERROR;
				GCC_WARN_UNDECLARED_SELECTOR = YES;
				GCC_WARN_UNINITIALIZED_AUTOS = YES_AGGRESSIVE;
				GCC_WARN_UNUSED_FUNCTION = YES;
				GCC_WARN_UNUSED_VARIABLE = YES;
				IPHONEOS_DEPLOYMENT_TARGET = 12.4;
				MTL_ENABLE_DEBUG_INFO = NO;
				MTL_FAST_MATH = YES;
				SDKROOT = iphoneos;
				SWIFT_COMPILATION_MODE = wholemodule;
				SWIFT_OPTIMIZATION_LEVEL = "-O";
				VALIDATE_PRODUCT = YES;
			};
			name = Release;
		};
		8E98B710231B9DB30061B13A /* Debug */ = {
			isa = XCBuildConfiguration;
			buildSettings = {
				ASSETCATALOG_COMPILER_APPICON_NAME = AppIcon;
				CODE_SIGN_STYLE = Automatic;
				DEVELOPMENT_TEAM = 49H596ZHS6;
				INFOPLIST_FILE = "Productivity Pokedex/Info.plist";
				LD_RUNPATH_SEARCH_PATHS = (
					"$(inherited)",
					"@executable_path/Frameworks",
				);
				PRODUCT_BUNDLE_IDENTIFIER = "com.tindevelops.Productivity-Pokedex";
				PRODUCT_NAME = "$(TARGET_NAME)";
				SWIFT_VERSION = 5.0;
				TARGETED_DEVICE_FAMILY = "1,2";
			};
			name = Debug;
		};
		8E98B711231B9DB30061B13A /* Release */ = {
			isa = XCBuildConfiguration;
			buildSettings = {
				ASSETCATALOG_COMPILER_APPICON_NAME = AppIcon;
				CODE_SIGN_STYLE = Automatic;
				DEVELOPMENT_TEAM = 49H596ZHS6;
				INFOPLIST_FILE = "Productivity Pokedex/Info.plist";
				LD_RUNPATH_SEARCH_PATHS = (
					"$(inherited)",
					"@executable_path/Frameworks",
				);
				PRODUCT_BUNDLE_IDENTIFIER = "com.tindevelops.Productivity-Pokedex";
				PRODUCT_NAME = "$(TARGET_NAME)";
				SWIFT_VERSION = 5.0;
				TARGETED_DEVICE_FAMILY = "1,2";
			};
			name = Release;
		};
/* End XCBuildConfiguration section */

/* Begin XCConfigurationList section */
		8E98B6F5231B9DAE0061B13A /* Build configuration list for PBXProject "Productivity Pokedex" */ = {
			isa = XCConfigurationList;
			buildConfigurations = (
				8E98B70D231B9DB30061B13A /* Debug */,
				8E98B70E231B9DB30061B13A /* Release */,
			);
			defaultConfigurationIsVisible = 0;
			defaultConfigurationName = Release;
		};
		8E98B70F231B9DB30061B13A /* Build configuration list for PBXNativeTarget "Productivity Pokedex" */ = {
			isa = XCConfigurationList;
			buildConfigurations = (
				8E98B710231B9DB30061B13A /* Debug */,
				8E98B711231B9DB30061B13A /* Release */,
			);
			defaultConfigurationIsVisible = 0;
			defaultConfigurationName = Release;
		};
/* End XCConfigurationList section */

/* Begin XCVersionGroup section */
		8E98B704231B9DAF0061B13A /* Productivity_Pokedex.xcdatamodeld */ = {
			isa = XCVersionGroup;
			children = (
				8E98B705231B9DAF0061B13A /* Productivity_Pokedex.xcdatamodel */,
			);
			currentVersion = 8E98B705231B9DAF0061B13A /* Productivity_Pokedex.xcdatamodel */;
			path = Productivity_Pokedex.xcdatamodeld;
			sourceTree = "<group>";
			versionGroupType = wrapper.xcdatamodel;
		};
/* End XCVersionGroup section */
	};
	rootObject = 8E98B6F2231B9DAE0061B13A /* Project object */;
}
